
Microsoft Visual Studio Solution File, Format Version 12.00
# Visual Studio Version 17
VisualStudioVersion = 17.1.32328.378
MinimumVisualStudioVersion = 10.0.40219.1
Project("{FAE04EC0-301F-11D3-BF4B-00C04F79EFBC}") = "Enteties", "Enteties\Enteties.csproj", "{1CF54FE9-2037-43B7-A243-36929D501FEB}"
EndProject
Project("{FAE04EC0-301F-11D3-BF4B-00C04F79EFBC}") = "Exercise", "Exercise\Exercise.csproj", "{7EB78800-1DFC-4E9B-990B-F59E33F2CFBA}"
EndProject
Global
	GlobalSection(SolutionConfigurationPlatforms) = preSolution
		Debug|Any CPU = Debug|Any CPU
		Release|Any CPU = Release|Any CPU
	EndGlobalSection
	GlobalSection(ProjectConfigurationPlatforms) = postSolution
		{1CF54FE9-2037-43B7-A243-36929D501FEB}.Debug|Any CPU.ActiveCfg = Debug|Any CPU
		{1CF54FE9-2037-43B7-A243-36929D501FEB}.Debug|Any CPU.Build.0 = Debug|Any CPU
		{1CF54FE9-2037-43B7-A243-36929D501FEB}.Release|Any CPU.ActiveCfg = Release|Any CPU
		{1CF54FE9-2037-43B7-A243-36929D501FEB}.Release|Any CPU.Build.0 = Release|Any CPU
		{7EB78800-1DFC-4E9B-990B-F59E33F2CFBA}.Debug|Any CPU.ActiveCfg = Debug|Any CPU
		{7EB78800-1DFC-4E9B-990B-F59E33F2CFBA}.Debug|Any CPU.Build.0 = Debug|Any CPU
		{7EB78800-1DFC-4E9B-990B-F59E33F2CFBA}.Release|Any CPU.ActiveCfg = Release|Any CPU
		{7EB78800-1DFC-4E9B-990B-F59E33F2CFBA}.Release|Any CPU.Build.0 = Release|Any CPU
	EndGlobalSection
	GlobalSection(SolutionProperties) = preSolution
		HideSolutionNode = FALSE
	EndGlobalSection
	GlobalSection(ExtensibilityGlobals) = postSolution
		SolutionGuid = {C4D46099-305C-47D3-96CB-1BA49C808BB7}
	EndGlobalSection
EndGlobal
