
Microsoft Visual Studio Solution File, Format Version 12.00
# Visual Studio Version 17
VisualStudioVersion = 17.1.32210.238
MinimumVisualStudioVersion = 10.0.40219.1
Project("{FAE04EC0-301F-11D3-BF4B-00C04F79EFBC}") = "SEDC.OOP.Class6.ConsoleApp", "SEDC.OOP.Class6.ConsoleApp\SEDC.OOP.Class6.ConsoleApp.csproj", "{6E696A5F-DD99-4B75-B574-A1A5D9773D87}"
EndProject
Project("{FAE04EC0-301F-11D3-BF4B-00C04F79EFBC}") = "SEDC.OOP.Class6.Examples.App", "SEDC.OOP.Class6.Examples.App\SEDC.OOP.Class6.Examples.App.csproj", "{0A99F794-1E49-457C-809D-DD88D9D9F0C7}"
EndProject
Project("{FAE04EC0-301F-11D3-BF4B-00C04F79EFBC}") = "SEDC.OOP.Class6.ObjectExample", "SEDC.OOP.Class6.ObjectExample\SEDC.OOP.Class6.ObjectExample.csproj", "{F2E4BEF2-2124-4964-A2AB-E2B4621C95D5}"
EndProject
Project("{FAE04EC0-301F-11D3-BF4B-00C04F79EFBC}") = "SEDC.OOP.Class6.Exercise", "SEDC.OOP.Class6.Exercise\SEDC.OOP.Class6.Exercise.csproj", "{22754E05-F5D0-4369-B3CF-366EB0C34937}"
EndProject
Project("{FAE04EC0-301F-11D3-BF4B-00C04F79EFBC}") = "Models", "Models\Models.csproj", "{14C6BBDC-1B11-4514-9CD7-86F10B745437}"
EndProject
Global
	GlobalSection(SolutionConfigurationPlatforms) = preSolution
		Debug|Any CPU = Debug|Any CPU
		Release|Any CPU = Release|Any CPU
	EndGlobalSection
	GlobalSection(ProjectConfigurationPlatforms) = postSolution
		{6E696A5F-DD99-4B75-B574-A1A5D9773D87}.Debug|Any CPU.ActiveCfg = Debug|Any CPU
		{6E696A5F-DD99-4B75-B574-A1A5D9773D87}.Debug|Any CPU.Build.0 = Debug|Any CPU
		{6E696A5F-DD99-4B75-B574-A1A5D9773D87}.Release|Any CPU.ActiveCfg = Release|Any CPU
		{6E696A5F-DD99-4B75-B574-A1A5D9773D87}.Release|Any CPU.Build.0 = Release|Any CPU
		{0A99F794-1E49-457C-809D-DD88D9D9F0C7}.Debug|Any CPU.ActiveCfg = Debug|Any CPU
		{0A99F794-1E49-457C-809D-DD88D9D9F0C7}.Debug|Any CPU.Build.0 = Debug|Any CPU
		{0A99F794-1E49-457C-809D-DD88D9D9F0C7}.Release|Any CPU.ActiveCfg = Release|Any CPU
		{0A99F794-1E49-457C-809D-DD88D9D9F0C7}.Release|Any CPU.Build.0 = Release|Any CPU
		{F2E4BEF2-2124-4964-A2AB-E2B4621C95D5}.Debug|Any CPU.ActiveCfg = Debug|Any CPU
		{F2E4BEF2-2124-4964-A2AB-E2B4621C95D5}.Debug|Any CPU.Build.0 = Debug|Any CPU
		{F2E4BEF2-2124-4964-A2AB-E2B4621C95D5}.Release|Any CPU.ActiveCfg = Release|Any CPU
		{F2E4BEF2-2124-4964-A2AB-E2B4621C95D5}.Release|Any CPU.Build.0 = Release|Any CPU
		{22754E05-F5D0-4369-B3CF-366EB0C34937}.Debug|Any CPU.ActiveCfg = Debug|Any CPU
		{22754E05-F5D0-4369-B3CF-366EB0C34937}.Debug|Any CPU.Build.0 = Debug|Any CPU
		{22754E05-F5D0-4369-B3CF-366EB0C34937}.Release|Any CPU.ActiveCfg = Release|Any CPU
		{22754E05-F5D0-4369-B3CF-366EB0C34937}.Release|Any CPU.Build.0 = Release|Any CPU
		{14C6BBDC-1B11-4514-9CD7-86F10B745437}.Debug|Any CPU.ActiveCfg = Debug|Any CPU
		{14C6BBDC-1B11-4514-9CD7-86F10B745437}.Debug|Any CPU.Build.0 = Debug|Any CPU
		{14C6BBDC-1B11-4514-9CD7-86F10B745437}.Release|Any CPU.ActiveCfg = Release|Any CPU
		{14C6BBDC-1B11-4514-9CD7-86F10B745437}.Release|Any CPU.Build.0 = Release|Any CPU
	EndGlobalSection
	GlobalSection(SolutionProperties) = preSolution
		HideSolutionNode = FALSE
	EndGlobalSection
	GlobalSection(ExtensibilityGlobals) = postSolution
		SolutionGuid = {EDBCC7E8-9442-4A1C-9088-95A28D15E473}
	EndGlobalSection
EndGlobal
